
Microsoft Visual Studio Solution File, Format Version 12.00
# Visual Studio Version 17
VisualStudioVersion = 17.5.33516.290
MinimumVisualStudioVersion = 10.0.40219.1
Project("{FAE04EC0-301F-11D3-BF4B-00C04F79EFBC}") = "SimpleContact", "SimpleContact\SimpleContact.csproj", "{6E10AD69-47A5-4F43-A785-A105E4D0A37C}"
EndProject
Global
	GlobalSection(SolutionConfigurationPlatforms) = preSolution
		Debug|Any CPU = Debug|Any CPU
		Release|Any CPU = Release|Any CPU
	EndGlobalSection
	GlobalSection(ProjectConfigurationPlatforms) = postSolution
		{6E10AD69-47A5-4F43-A785-A105E4D0A37C}.Debug|Any CPU.ActiveCfg = Debug|Any CPU
		{6E10AD69-47A5-4F43-A785-A105E4D0A37C}.Debug|Any CPU.Build.0 = Debug|Any CPU
		{6E10AD69-47A5-4F43-A785-A105E4D0A37C}.Release|Any CPU.ActiveCfg = Release|Any CPU
		{6E10AD69-47A5-4F43-A785-A105E4D0A37C}.Release|Any CPU.Build.0 = Release|Any CPU
	EndGlobalSection
	GlobalSection(SolutionProperties) = preSolution
		HideSolutionNode = FALSE
	EndGlobalSection
	GlobalSection(ExtensibilityGlobals) = postSolution
		SolutionGuid = {B351CF22-3DA3-4F86-B89B-E67F3748377E}
	EndGlobalSection
EndGlobal
